<?xml version="1.0" encoding="utf-8"?>
<Project ToolsVersion="4.0" xmlns="http://schemas.microsoft.com/developer/msbuild/2003">
  <ItemGroup>
    <Filter Include="Source Files">
      <UniqueIdentifier>{4FC737F1-C7A5-4376-A066-2A32D752A2FF}</UniqueIdentifier>
      <Extensions>cpp;c;cc;cxx;c++;cppm;ixx;def;odl;idl;hpj;bat;asm;asmx</Extensions>
    </Filter>
    <Filter Include="Header Files">
      <UniqueIdentifier>{93995380-89BD-4b04-88EB-625FBE52EBFB}</UniqueIdentifier>
      <Extensions>h;hh;hpp;hxx;h++;hm;inl;inc;ipp;xsd</Extensions>
    </Filter>
    <Filter Include="Resource Files">
      <UniqueIdentifier>{67DA6AB6-F800-4c08-8B7A-83BB121AAD01}</UniqueIdentifier>
      <Extensions>rc;ico;cur;bmp;dlg;rc2;rct;bin;rgs;gif;jpg;jpeg;jpe;resx;tiff;tif;png;wav;mfcribbon-ms</Extensions>
    </Filter>
  </ItemGroup>
  <ItemGroup>
    <ClCompile Include="..\lua-master\lapi.c">
      <Filter>Source Files</Filter>
    </ClCompile>
    <ClCompile Include="..\lua-master\lauxlib.c">
      <Filter>Source Files</Filter>
    </ClCompile>
    <ClCompile Include="..\lua-master\lbaselib.c">
      <Filter>Source Files</Filter>
    </ClCompile>
    <ClCompile Include="..\lua-master\lcode.c">
      <Filter>Source Files</Filter>
    </ClCompile>
    <ClCompile Include="..\lua-master\lcorolib.c">
      <Filter>Source Files</Filter>
    </ClCompile>
    <ClCompile Include="..\lua-master\lctype.c">
      <Filter>Source Files</Filter>
    </ClCompile>
    <ClCompile Include="..\lua-master\ldblib.c">
      <Filter>Source Files</Filter>
    </ClCompile>
    <ClCompile Include="..\lua-master\ldebug.c">
      <Filter>Source Files</Filter>
    </ClCompile>
    <ClCompile Include="..\lua-master\ldo.c">
      <Filter>Source Files</Filter>
    </ClCompile>
    <ClCompile Include="..\lua-master\ldump.c">
      <Filter>Source Files</Filter>
    </ClCompile>
    <ClCompile Include="..\lua-master\lfunc.c">
      <Filter>Source Files</Filter>
    </ClCompile>
    <ClCompile Include="..\lua-master\lgc.c">
      <Filter>Source Files</Filter>
    </ClCompile>
    <ClCompile Include="..\lua-master\linit.c">
      <Filter>Source Files</Filter>
    </ClCompile>
    <ClCompile Include="..\lua-master\liolib.c">
      <Filter>Source Files</Filter>
    </ClCompile>
    <ClCompile Include="..\lua-master\llex.c">
      <Filter>Source Files</Filter>
    </ClCompile>
    <ClCompile Include="..\lua-master\lmathlib.c">
      <Filter>Source Files</Filter>
    </ClCompile>
    <ClCompile Include="..\lua-master\lmem.c">
      <Filter>Source Files</Filter>
    </ClCompile>
    <ClCompile Include="..\lua-master\loadlib.c">
      <Filter>Source Files</Filter>
    </ClCompile>
    <ClCompile Include="..\lua-master\lobject.c">
      <Filter>Source Files</Filter>
    </ClCompile>
    <ClCompile Include="..\lua-master\lopcodes.c">
      <Filter>Source Files</Filter>
    </ClCompile>
    <ClCompile Include="..\lua-master\loslib.c">
      <Filter>Source Files</Filter>
    </ClCompile>
    <ClCompile Include="..\lua-master\lparser.c">
      <Filter>Source Files</Filter>
    </ClCompile>
    <ClCompile Include="..\lua-master\lstate.c">
      <Filter>Source Files</Filter>
    </ClCompile>
    <ClCompile Include="..\lua-master\lstring.c">
      <Filter>Source Files</Filter>
    </ClCompile>
    <ClCompile Include="..\lua-master\lstrlib.c">
      <Filter>Source Files</Filter>
    </ClCompile>
    <ClCompile Include="..\lua-master\ltable.c">
      <Filter>Source Files</Filter>
    </ClCompile>
    <ClCompile Include="..\lua-master\ltablib.c">
      <Filter>Source Files</Filter>
    </ClCompile>
    <ClCompile Include="..\lua-master\ltests.c">
      <Filter>Source Files</Filter>
    </ClCompile>
    <ClCompile Include="..\lua-master\ltm.c">
      <Filter>Source Files</Filter>
    </ClCompile>
    <ClCompile Include="..\lua-master\lundump.c">
      <Filter>Source Files</Filter>
    </ClCompile>
    <ClCompile Include="..\lua-master\lutf8lib.c">
      <Filter>Source Files</Filter>
    </ClCompile>
    <ClCompile Include="..\lua-master\lvm.c">
      <Filter>Source Files</Filter>
    </ClCompile>
    <ClCompile Include="..\lua-master\lzio.c">
      <Filter>Source Files</Filter>
    </ClCompile>
    <ClCompile Include="..\lua-master\onelua.c">
      <Filter>Source Files</Filter>
    </ClCompile>
  </ItemGroup>
  <ItemGroup>
    <ClInclude Include="..\lua-master\lzio.h">
      <Filter>Header Files</Filter>
    </ClInclude>
    <ClInclude Include="..\lua-master\lvm.h">
      <Filter>Header Files</Filter>
    </ClInclude>
    <ClInclude Include="..\lua-master\lundump.h">
      <Filter>Header Files</Filter>
    </ClInclude>
    <ClInclude Include="..\lua-master\lualib.h">
      <Filter>Header Files</Filter>
    </ClInclude>
    <ClInclude Include="..\lua-master\luaconf.h">
      <Filter>Header Files</Filter>
    </ClInclude>
    <ClInclude Include="..\lua-master\lua.h">
      <Filter>Header Files</Filter>
    </ClInclude>
    <ClInclude Include="..\lua-master\ltm.h">
      <Filter>Header Files</Filter>
    </ClInclude>
    <ClInclude Include="..\lua-master\ltests.h">
      <Filter>Header Files</Filter>
    </ClInclude>
    <ClInclude Include="..\lua-master\ltable.h">
      <Filter>Header Files</Filter>
    </ClInclude>
    <ClInclude Include="..\lua-master\lstring.h">
      <Filter>Header Files</Filter>
    </ClInclude>
    <ClInclude Include="..\lua-master\lstate.h">
      <Filter>Header Files</Filter>
    </ClInclude>
    <ClInclude Include="..\lua-master\lprefix.h">
      <Filter>Header Files</Filter>
    </ClInclude>
    <ClInclude Include="..\lua-master\lparser.h">
      <Filter>Header Files</Filter>
    </ClInclude>
    <ClInclude Include="..\lua-master\lopnames.h">
      <Filter>Header Files</Filter>
    </ClInclude>
    <ClInclude Include="..\lua-master\lopcodes.h">
      <Filter>Header Files</Filter>
    </ClInclude>
    <ClInclude Include="..\lua-master\lobject.h">
      <Filter>Header Files</Filter>
    </ClInclude>
    <ClInclude Include="..\lua-master\lmem.h">
      <Filter>Header Files</Filter>
    </ClInclude>
    <ClInclude Include="..\lua-master\llimits.h">
      <Filter>Header Files</Filter>
    </ClInclude>
    <ClInclude Include="..\lua-master\llex.h">
      <Filter>Header Files</Filter>
    </ClInclude>
    <ClInclude Include="..\lua-master\ljumptab.h">
      <Filter>Header Files</Filter>
    </ClInclude>
    <ClInclude Include="..\lua-master\lgc.h">
      <Filter>Header Files</Filter>
    </ClInclude>
    <ClInclude Include="..\lua-master\lfunc.h">
      <Filter>Header Files</Filter>
    </ClInclude>
    <ClInclude Include="..\lua-master\ldo.h">
      <Filter>Header Files</Filter>
    </ClInclude>
    <ClInclude Include="..\lua-master\ldebug.h">
      <Filter>Header Files</Filter>
    </ClInclude>
    <ClInclude Include="..\lua-master\lctype.h">
      <Filter>Header Files</Filter>
    </ClInclude>
    <ClInclude Include="..\lua-master\lcode.h">
      <Filter>Header Files</Filter>
    </ClInclude>
    <ClInclude Include="..\lua-master\lauxlib.h">
      <Filter>Header Files</Filter>
    </ClInclude>
    <ClInclude Include="..\lua-master\lapi.h">
      <Filter>Header Files</Filter>
    </ClInclude>
  </ItemGroup>
</Project>