<?xml version="1.0" encoding="utf-8"?>
<Project ToolsVersion="4.0" xmlns="http://schemas.microsoft.com/developer/msbuild/2003">
  <ItemGroup>
    <ClCompile Include="Camera.cpp" />
    <ClCompile Include="Component.cpp" />
    <ClCompile Include="ComponentCreator.cpp" />
    <ClCompile Include="ComponentFactory.cpp" />
    <ClCompile Include="FrameRateController.cpp" />
    <ClCompile Include="EditorUI.cpp" />
    <ClCompile Include="External\imgui\imgui.cpp" />
    <ClCompile Include="External\imgui\imgui_draw.cpp" />
    <ClCompile Include="External\imgui\imgui_impl_opengl3.cpp" />
    <ClCompile Include="External\imgui\imgui_impl_sdl.cpp" />
    <ClCompile Include="External\imgui\imgui_tables.cpp" />
    <ClCompile Include="External\imgui\imgui_widgets.cpp" />
    <ClCompile Include="GameManager.cpp" />
    <ClCompile Include="GameObject.cpp" />
    <ClCompile Include="GameObjectFactory.cpp" />
    <ClCompile Include="GameObjectManager.cpp" />
    <ClCompile Include="GLQuad.cpp" />
    <ClCompile Include="InputManager.cpp" />
    <ClCompile Include="main.cpp" />
    <ClCompile Include="Matrix3D.cpp" />
    <ClCompile Include="Movement.cpp" />
    <ClCompile Include="ResourceManager.cpp" />
    <ClCompile Include="ShaderProgram.cpp" />
    <ClCompile Include="Texture.cpp" />
    <ClCompile Include="Transform.cpp" />
    <ClCompile Include="Util.cpp" />
    <ClCompile Include="Collider.cpp" />
    <ClCompile Include="Controller.cpp" />
  </ItemGroup>
  <ItemGroup>
    <ClInclude Include="Camera.h" />
    <ClInclude Include="Collider.h" />
    <ClInclude Include="Component.h" />
    <ClInclude Include="ComponentCreator.h" />
    <ClInclude Include="ComponentFactory.h" />
    <ClInclude Include="FrameRateController.h" />
    <ClInclude Include="EditorUI.h" />
    <ClInclude Include="External\imgui\imconfig.h" />
    <ClInclude Include="External\imgui\imgui.h" />
    <ClInclude Include="External\imgui\imgui_impl_opengl3.h" />
    <ClInclude Include="External\imgui\imgui_impl_opengl3_loader.h" />
    <ClInclude Include="External\imgui\imgui_impl_sdl.h" />
    <ClInclude Include="External\imgui\imgui_internal.h" />
    <ClInclude Include="External\imgui\imstb_rectpack.h" />
    <ClInclude Include="External\imgui\imstb_textedit.h" />
    <ClInclude Include="External\imgui\imstb_truetype.h" />
    <ClInclude Include="GameDefs.h" />
    <ClInclude Include="GameManager.h" />
    <ClInclude Include="GameObject.h" />
    <ClInclude Include="GameObjectFactory.h" />
    <ClInclude Include="GameObjectManager.h" />
    <ClInclude Include="GLQuad.h" />
    <ClInclude Include="InputManager.h" />
    <ClInclude Include="Matrix3D.h" />
    <ClInclude Include="resource.h" />
    <ClInclude Include="Movement.h" />
    <ClInclude Include="ResourceManager.h" />
    <ClInclude Include="ShaderProgram.h" />
    <ClInclude Include="Texture.h" />
    <ClInclude Include="Transform.h" />
    <ClInclude Include="Util.h" />
    <ClInclude Include="Controller.h" />
    <ClCompile Include="main.cpp">
      <Filter>Source Files</Filter>
    </ClCompile>
    <ClCompile Include="ShaderProgram.cpp">
      <Filter>Source Files\Util</Filter>
    </ClCompile>
    <ClCompile Include="GameManager.cpp">
      <Filter>Source Files\GlobalManagers</Filter>
    </ClCompile>
    <ClCompile Include="Component.cpp">
      <Filter>Source Files\Components</Filter>
    </ClCompile>
    <ClCompile Include="GameObject.cpp">
      <Filter>Source Files\GameObject</Filter>
    </ClCompile>
    <ClCompile Include="GLQuad.cpp">
      <Filter>Source Files\Components\GraphicsComponents</Filter>
    </ClCompile>
    <ClCompile Include="Matrix3D.cpp">
      <Filter>Source Files\Math</Filter>
    </ClCompile>
    <ClCompile Include="Transform.cpp">
      <Filter>Source Files\Components\GeneralComponents</Filter>
    </ClCompile>
    <ClCompile Include="GameObjectManager.cpp">
      <Filter>Source Files\GlobalManagers</Filter>
    </ClCompile>
    <ClCompile Include="InputManager.cpp">
      <Filter>Source Files\GlobalManagers</Filter>
    </ClCompile>
    <ClCompile Include="Rigidbody.cpp">
      <Filter>Source Files\Components\GeneralComponents</Filter>
    </ClCompile>
    <ClCompile Include="Util.cpp">
      <Filter>Source Files\Util</Filter>
    </ClCompile>
    <ClCompile Include="FrameRateController.cpp">
      <Filter>Source Files\GlobalManagers</Filter>
    </ClCompile>
    <ClCompile Include="Texture.cpp">
      <Filter>Source Files\Util</Filter>
    </ClCompile>
    <ClCompile Include="ResourceManager.cpp">
      <Filter>Source Files\GlobalManagers</Filter>
    </ClCompile>
    <ClCompile Include="Controller.cpp">
      <Filter>Source Files\Components\GeneralComponents</Filter>
    </ClCompile>
    <ClCompile Include="Collider.cpp">
      <Filter>Source Files</Filter>
    </ClCompile>
  </ItemGroup>
  <ItemGroup>
    <ClInclude Include="GameDefs.h">
      <Filter>Source Files</Filter>
    </ClInclude>
    <ClInclude Include="ShaderProgram.h">
      <Filter>Source Files\Util</Filter>
    </ClInclude>
    <ClInclude Include="GameManager.h">
      <Filter>Source Files\GlobalManagers</Filter>
    </ClInclude>
    <ClInclude Include="GameObjectManager.h">
      <Filter>Source Files\GlobalManagers</Filter>
    </ClInclude>
    <ClInclude Include="GameObject.h">
      <Filter>Source Files\GameObject</Filter>
    </ClInclude>
    <ClInclude Include="Component.h">
      <Filter>Source Files\Components</Filter>
    </ClInclude>
    <ClInclude Include="GLQuad.h">
      <Filter>Source Files\Components\GraphicsComponents</Filter>
    </ClInclude>
    <ClInclude Include="Transform.h">
      <Filter>Source Files\Components\GeneralComponents</Filter>
    </ClInclude>
    <ClInclude Include="Matrix3D.h">
      <Filter>Source Files\Math</Filter>
    </ClInclude>
    <ClInclude Include="InputManager.h">
      <Filter>Source Files\GlobalManagers</Filter>
    </ClInclude>
    <ClInclude Include="resource.h">
      <Filter>Header Files</Filter>
    </ClInclude>
    <ClInclude Include="Rigidbody.h">
      <Filter>Source Files\Components\GeneralComponents</Filter>
    </ClInclude>
    <ClInclude Include="Util.h">
      <Filter>Source Files\Util</Filter>
    </ClInclude>
    <ClInclude Include="FrameRateController.h">
      <Filter>Source Files\GlobalManagers</Filter>
    </ClInclude>
    <ClInclude Include="Texture.h">
      <Filter>Source Files\Util</Filter>
    </ClInclude>
    <ClInclude Include="ResourceManager.h">
      <Filter>Source Files\GlobalManagers</Filter>
    </ClInclude>
    <ClInclude Include="Controller.h">
      <Filter>Header Files</Filter>
    </ClInclude>
    <ClInclude Include="Collider.h">
      <Filter>Header Files</Filter>
    </ClInclude>
    <ClInclude Include="CollisionChecker.h">
      <Filter>Header Files</Filter>
    </ClInclude>
  </ItemGroup>
  <ItemGroup>
    <None Include="final.frag" />
    <None Include="final.vert" />
    <None Include="Levels\Level_0.json" />
    <None Include="Obj_defs\obj1.json" />
    <None Include="imgui.ini" />
    <None Include="Obj_defs\obj2.json" />
  </ItemGroup>
</Project>