<?xml version="1.0" encoding="utf-8"?>
<Project ToolsVersion="4.0" xmlns="http://schemas.microsoft.com/developer/msbuild/2003">
  <ItemGroup>
    <Filter Include="Source Files">
      <UniqueIdentifier>{4FC737F1-C7A5-4376-A066-2A32D752A2FF}</UniqueIdentifier>
      <Extensions>cpp;c;cc;cxx;c++;cppm;ixx;def;odl;idl;hpj;bat;asm;asmx</Extensions>
    </Filter>
    <Filter Include="Header Files">
      <UniqueIdentifier>{93995380-89BD-4b04-88EB-625FBE52EBFB}</UniqueIdentifier>
      <Extensions>h;hh;hpp;hxx;h++;hm;inl;inc;ipp;xsd</Extensions>
    </Filter>
    <Filter Include="Resource Files">
      <UniqueIdentifier>{67DA6AB6-F800-4c08-8B7A-83BB121AAD01}</UniqueIdentifier>
      <Extensions>rc;ico;cur;bmp;dlg;rc2;rct;bin;rgs;gif;jpg;jpeg;jpe;resx;tiff;tif;png;wav;mfcribbon-ms</Extensions>
    </Filter>
    <Filter Include="Source Files\Util">
      <UniqueIdentifier>{e3fed164-2025-40cd-a9bc-5de3f4abc295}</UniqueIdentifier>
    </Filter>
    <Filter Include="Source Files\GlobalManagers">
      <UniqueIdentifier>{292e1e11-57dd-4e5a-9d53-eb5f06592bbe}</UniqueIdentifier>
    </Filter>
    <Filter Include="Source Files\GameObject">
      <UniqueIdentifier>{9cbf6fcd-95bb-4017-bcbb-6f97b514c7b3}</UniqueIdentifier>
    </Filter>
    <Filter Include="Source Files\Components">
      <UniqueIdentifier>{3c27093d-1bf5-439f-88b3-a8295fc3f5c6}</UniqueIdentifier>
    </Filter>
    <Filter Include="Source Files\Components\GraphicsComponents">
      <UniqueIdentifier>{a9e01d46-b60a-4f71-bf5d-dcbb95afffb0}</UniqueIdentifier>
    </Filter>
    <Filter Include="Source Files\Components\GeneralComponents">
      <UniqueIdentifier>{5cac1b70-ad8b-4bec-b8f0-ba9a4039f246}</UniqueIdentifier>
    </Filter>
    <Filter Include="Source Files\Math">
      <UniqueIdentifier>{226127be-a9cb-4082-84c6-cfd00f2a294e}</UniqueIdentifier>
    </Filter>
    <Filter Include="Source Files\Shaders">
      <UniqueIdentifier>{7528d094-0bb8-41f9-b65a-9544e473c290}</UniqueIdentifier>
    </Filter>
    <Filter Include="Source Files\ImGuiCustom">
      <UniqueIdentifier>{80bc5c84-1020-435e-a7be-a1545131f28d}</UniqueIdentifier>
    </Filter>
  </ItemGroup>
  <ItemGroup>
    <ClCompile Include="main.cpp">
      <Filter>Source Files</Filter>
    </ClCompile>
    <ClCompile Include="ShaderProgram.cpp">
      <Filter>Source Files\Util</Filter>
    </ClCompile>
    <ClCompile Include="GameManager.cpp">
      <Filter>Source Files\GlobalManagers</Filter>
    </ClCompile>
    <ClCompile Include="Component.cpp">
      <Filter>Source Files\Components</Filter>
    </ClCompile>
    <ClCompile Include="GameObject.cpp">
      <Filter>Source Files\GameObject</Filter>
    </ClCompile>
    <ClCompile Include="GLQuad.cpp">
      <Filter>Source Files\Components\GraphicsComponents</Filter>
    </ClCompile>
    <ClCompile Include="Matrix3D.cpp">
      <Filter>Source Files\Math</Filter>
    </ClCompile>
    <ClCompile Include="Transform.cpp">
      <Filter>Source Files\Components\GeneralComponents</Filter>
    </ClCompile>
    <ClCompile Include="GameObjectManager.cpp">
      <Filter>Source Files\GlobalManagers</Filter>
    </ClCompile>
    <ClCompile Include="InputManager.cpp">
      <Filter>Source Files\GlobalManagers</Filter>
    </ClCompile>
    <ClCompile Include="Util.cpp">
      <Filter>Source Files</Filter>
    </ClCompile>
    <ClCompile Include="EditorUI.cpp">
      <Filter>Source Files\ImGuiCustom</Filter>
    </ClCompile>
    <ClCompile Include="External\imgui\imgui.cpp">
      <Filter>Resource Files</Filter>
    </ClCompile>
    <ClCompile Include="External\imgui\imgui_draw.cpp">
      <Filter>Resource Files</Filter>
    </ClCompile>
    <ClCompile Include="External\imgui\imgui_impl_opengl3.cpp">
      <Filter>Resource Files</Filter>
    </ClCompile>
    <ClCompile Include="External\imgui\imgui_impl_sdl.cpp">
      <Filter>Resource Files</Filter>
    </ClCompile>
    <ClCompile Include="External\imgui\imgui_tables.cpp">
      <Filter>Resource Files</Filter>
    </ClCompile>
    <ClCompile Include="External\imgui\imgui_widgets.cpp">
      <Filter>Resource Files</Filter>
    </ClCompile>
  </ItemGroup>
  <ItemGroup>
    <ClInclude Include="GameDefs.h">
      <Filter>Source Files</Filter>
    </ClInclude>
    <ClInclude Include="ShaderProgram.h">
      <Filter>Source Files\Util</Filter>
    </ClInclude>
    <ClInclude Include="GameManager.h">
      <Filter>Source Files\GlobalManagers</Filter>
    </ClInclude>
    <ClInclude Include="GameObjectManager.h">
      <Filter>Source Files\GlobalManagers</Filter>
    </ClInclude>
    <ClInclude Include="GameObject.h">
      <Filter>Source Files\GameObject</Filter>
    </ClInclude>
    <ClInclude Include="Component.h">
      <Filter>Source Files\Components</Filter>
    </ClInclude>
    <ClInclude Include="GLQuad.h">
      <Filter>Source Files\Components\GraphicsComponents</Filter>
    </ClInclude>
    <ClInclude Include="Transform.h">
      <Filter>Source Files\Components\GeneralComponents</Filter>
    </ClInclude>
    <ClInclude Include="Matrix3D.h">
      <Filter>Source Files\Math</Filter>
    </ClInclude>
    <ClInclude Include="InputManager.h">
      <Filter>Source Files\GlobalManagers</Filter>
    </ClInclude>
    <ClInclude Include="Util.h">
      <Filter>Header Files</Filter>
    </ClInclude>
    <ClInclude Include="EditorUI.h">
      <Filter>Source Files\ImGuiCustom</Filter>
    </ClInclude>
    <ClInclude Include="External\imgui\imgui.h">
      <Filter>Resource Files</Filter>
    </ClInclude>
    <ClInclude Include="External\imgui\imgui_impl_opengl3.h">
      <Filter>Resource Files</Filter>
    </ClInclude>
    <ClInclude Include="External\imgui\imgui_impl_opengl3_loader.h">
      <Filter>Resource Files</Filter>
    </ClInclude>
    <ClInclude Include="External\imgui\imgui_impl_sdl.h">
      <Filter>Resource Files</Filter>
    </ClInclude>
    <ClInclude Include="External\imgui\imgui_internal.h">
      <Filter>Resource Files</Filter>
    </ClInclude>
    <ClInclude Include="External\imgui\imstb_rectpack.h">
      <Filter>Resource Files</Filter>
    </ClInclude>
    <ClInclude Include="External\imgui\imstb_textedit.h">
      <Filter>Resource Files</Filter>
    </ClInclude>
    <ClInclude Include="External\imgui\imstb_truetype.h">
      <Filter>Resource Files</Filter>
    </ClInclude>
    <ClInclude Include="External\imgui\imconfig.h">
      <Filter>Resource Files</Filter>
    </ClInclude>
  </ItemGroup>
  <ItemGroup>
    <None Include="final.vert">
      <Filter>Source Files\Shaders</Filter>
    </None>
    <None Include="final.frag">
      <Filter>Source Files\Shaders</Filter>
    </None>
  </ItemGroup>
</Project>